
Microsoft Visual Studio Solution File, Format Version 12.00
# Visual Studio Version 17
VisualStudioVersion = 17.7.34003.232
MinimumVisualStudioVersion = 10.0.40219.1
Project("{FAE04EC0-301F-11D3-BF4B-00C04F79EFBC}") = "HotelsWebMinimalAPI", "HotelsWebMinimalAPI\HotelsWebMinimalAPI.csproj", "{5D327092-0112-4F7A-A419-F7E19642C947}"
EndProject
Global
	GlobalSection(SolutionConfigurationPlatforms) = preSolution
		Debug|Any CPU = Debug|Any CPU
		Release|Any CPU = Release|Any CPU
	EndGlobalSection
	GlobalSection(ProjectConfigurationPlatforms) = postSolution
		{5D327092-0112-4F7A-A419-F7E19642C947}.Debug|Any CPU.ActiveCfg = Debug|Any CPU
		{5D327092-0112-4F7A-A419-F7E19642C947}.Debug|Any CPU.Build.0 = Debug|Any CPU
		{5D327092-0112-4F7A-A419-F7E19642C947}.Release|Any CPU.ActiveCfg = Release|Any CPU
		{5D327092-0112-4F7A-A419-F7E19642C947}.Release|Any CPU.Build.0 = Release|Any CPU
	EndGlobalSection
	GlobalSection(SolutionProperties) = preSolution
		HideSolutionNode = FALSE
	EndGlobalSection
	GlobalSection(ExtensibilityGlobals) = postSolution
		SolutionGuid = {D01D79E3-3169-4B5B-BD19-0D797B33622D}
	EndGlobalSection
EndGlobal
